// !$*UTF8*$!
{
	archiveVersion = 1;
	classes = {
	};
	objectVersion = 46;
	objects = {

/* Begin PBXBuildFile section */
		DF8B4E2E1B30D7AB00825935 /* ScuddleBody.cpp in Sources */ = {isa = PBXBuildFile; fileRef = DF8B4E291B30D7AB00825935 /* ScuddleBody.cpp */; };
		DF8B4E2F1B30D7AB00825935 /* ScuddleMain.cpp in Sources */ = {isa = PBXBuildFile; fileRef = DF8B4E2C1B30D7AB00825935 /* ScuddleMain.cpp */; };
		DF8B4E321B31DA1900825935 /* ScuddleCommon.cpp in Sources */ = {isa = PBXBuildFile; fileRef = DF8B4E301B31DA1900825935 /* ScuddleCommon.cpp */; };
/* End PBXBuildFile section */

/* Begin PBXCopyFilesBuildPhase section */
		DF8B4E1C1B30D77200825935 /* CopyFiles */ = {
			isa = PBXCopyFilesBuildPhase;
			buildActionMask = 2147483647;
			dstPath = /usr/share/man/man1/;
			dstSubfolderSpec = 0;
			files = (
			);
			runOnlyForDeploymentPostprocessing = 1;
		};
/* End PBXCopyFilesBuildPhase section */

/* Begin PBXFileReference section */
		DF8B4E1E1B30D77200825935 /* Scuddle */ = {isa = PBXFileReference; explicitFileType = "compiled.mach-o.executable"; includeInIndex = 0; path = Scuddle; sourceTree = BUILT_PRODUCTS_DIR; };
		DF8B4E281B30D7AB00825935 /* README.md */ = {isa = PBXFileReference; fileEncoding = 4; lastKnownFileType = net.daringfireball.markdown; path = README.md; sourceTree = SOURCE_ROOT; };
		DF8B4E291B30D7AB00825935 /* ScuddleBody.cpp */ = {isa = PBXFileReference; fileEncoding = 4; lastKnownFileType = sourcecode.cpp.cpp; path = ScuddleBody.cpp; sourceTree = SOURCE_ROOT; };
		DF8B4E2A1B30D7AB00825935 /* ScuddleBody.h */ = {isa = PBXFileReference; fileEncoding = 4; lastKnownFileType = sourcecode.c.h; path = ScuddleBody.h; sourceTree = SOURCE_ROOT; };
		DF8B4E2B1B30D7AB00825935 /* ScuddleDataTypes.h */ = {isa = PBXFileReference; fileEncoding = 4; lastKnownFileType = sourcecode.c.h; path = ScuddleDataTypes.h; sourceTree = SOURCE_ROOT; };
		DF8B4E2C1B30D7AB00825935 /* ScuddleMain.cpp */ = {isa = PBXFileReference; fileEncoding = 4; lastKnownFileType = sourcecode.cpp.cpp; path = ScuddleMain.cpp; sourceTree = SOURCE_ROOT; };
		DF8B4E301B31DA1900825935 /* ScuddleCommon.cpp */ = {isa = PBXFileReference; fileEncoding = 4; lastKnownFileType = sourcecode.cpp.cpp; path = ScuddleCommon.cpp; sourceTree = SOURCE_ROOT; };
		DF8B4E311B31DA1900825935 /* ScuddleCommon.h */ = {isa = PBXFileReference; fileEncoding = 4; lastKnownFileType = sourcecode.c.h; path = ScuddleCommon.h; sourceTree = SOURCE_ROOT; };
/* End PBXFileReference section */

/* Begin PBXFrameworksBuildPhase section */
		DF8B4E1B1B30D77200825935 /* Frameworks */ = {
			isa = PBXFrameworksBuildPhase;
			buildActionMask = 2147483647;
			files = (
			);
			runOnlyForDeploymentPostprocessing = 0;
		};
/* End PBXFrameworksBuildPhase section */

/* Begin PBXGroup section */
		DF8B4E151B30D77200825935 = {
			isa = PBXGroup;
			children = (
				DF8B4E201B30D77200825935 /* Scuddle */,
				DF8B4E1F1B30D77200825935 /* Products */,
			);
			sourceTree = "<group>";
		};
		DF8B4E1F1B30D77200825935 /* Products */ = {
			isa = PBXGroup;
			children = (
				DF8B4E1E1B30D77200825935 /* Scuddle */,
			);
			name = Products;
			sourceTree = "<group>";
		};
		DF8B4E201B30D77200825935 /* Scuddle */ = {
			isa = PBXGroup;
			children = (
				DF8B4E281B30D7AB00825935 /* README.md */,
				DF8B4E291B30D7AB00825935 /* ScuddleBody.cpp */,
				DF8B4E2A1B30D7AB00825935 /* ScuddleBody.h */,
				DF8B4E301B31DA1900825935 /* ScuddleCommon.cpp */,
				DF8B4E311B31DA1900825935 /* ScuddleCommon.h */,
				DF8B4E2B1B30D7AB00825935 /* ScuddleDataTypes.h */,
				DF8B4E2C1B30D7AB00825935 /* ScuddleMain.cpp */,
			);
			path = Scuddle;
			sourceTree = "<group>";
		};
/* End PBXGroup section */

/* Begin PBXNativeTarget section */
		DF8B4E1D1B30D77200825935 /* Scuddle */ = {
			isa = PBXNativeTarget;
			buildConfigurationList = DF8B4E251B30D77200825935 /* Build configuration list for PBXNativeTarget "Scuddle" */;
			buildPhases = (
				DF8B4E1A1B30D77200825935 /* Sources */,
				DF8B4E1B1B30D77200825935 /* Frameworks */,
				DF8B4E1C1B30D77200825935 /* CopyFiles */,
			);
			buildRules = (
			);
			dependencies = (
			);
			name = Scuddle;
			productName = Scuddle;
			productReference = DF8B4E1E1B30D77200825935 /* Scuddle */;
			productType = "com.apple.product-type.tool";
		};
/* End PBXNativeTarget section */

/* Begin PBXProject section */
		DF8B4E161B30D77200825935 /* Project object */ = {
			isa = PBXProject;
			attributes = {
				LastUpgradeCheck = 0630;
				ORGANIZATIONNAME = "Movement Meaning";
				TargetAttributes = {
					DF8B4E1D1B30D77200825935 = {
						CreatedOnToolsVersion = 6.3;
					};
				};
			};
			buildConfigurationList = DF8B4E191B30D77200825935 /* Build configuration list for PBXProject "Scuddle" */;
			compatibilityVersion = "Xcode 3.2";
			developmentRegion = English;
			hasScannedForEncodings = 0;
			knownRegions = (
				en,
			);
			mainGroup = DF8B4E151B30D77200825935;
			productRefGroup = DF8B4E1F1B30D77200825935 /* Products */;
			projectDirPath = "";
			projectRoot = "";
			targets = (
				DF8B4E1D1B30D77200825935 /* Scuddle */,
			);
		};
/* End PBXProject section */

/* Begin PBXSourcesBuildPhase section */
		DF8B4E1A1B30D77200825935 /* Sources */ = {
			isa = PBXSourcesBuildPhase;
			buildActionMask = 2147483647;
			files = (
				DF8B4E321B31DA1900825935 /* ScuddleCommon.cpp in Sources */,
				DF8B4E2F1B30D7AB00825935 /* ScuddleMain.cpp in Sources */,
				DF8B4E2E1B30D7AB00825935 /* ScuddleBody.cpp in Sources */,
			);
			runOnlyForDeploymentPostprocessing = 0;
		};
/* End PBXSourcesBuildPhase section */

/* Begin XCBuildConfiguration section */
		DF8B4E231B30D77200825935 /* Debug */ = {
			isa = XCBuildConfiguration;
			buildSettings = {
				ALWAYS_SEARCH_USER_PATHS = NO;
				CLANG_CXX_LANGUAGE_STANDARD = "gnu++0x";
				CLANG_CXX_LIBRARY = "libc++";
				CLANG_ENABLE_MODULES = YES;
				CLANG_ENABLE_OBJC_ARC = YES;
				CLANG_WARN_BOOL_CONVERSION = YES;
				CLANG_WARN_CONSTANT_CONVERSION = YES;
				CLANG_WARN_DIRECT_OBJC_ISA_USAGE = YES_ERROR;
				CLANG_WARN_EMPTY_BODY = YES;
				CLANG_WARN_ENUM_CONVERSION = YES;
				CLANG_WARN_INT_CONVERSION = YES;
				CLANG_WARN_OBJC_ROOT_CLASS = YES_ERROR;
				CLANG_WARN_UNREACHABLE_CODE = YES;
				CLANG_WARN__DUPLICATE_METHOD_MATCH = YES;
				COPY_PHASE_STRIP = NO;
				DEBUG_INFORMATION_FORMAT = dwarf;
				ENABLE_STRICT_OBJC_MSGSEND = YES;
				GCC_C_LANGUAGE_STANDARD = gnu99;
				GCC_DYNAMIC_NO_PIC = NO;
				GCC_NO_COMMON_BLOCKS = YES;
				GCC_OPTIMIZATION_LEVEL = 0;
				GCC_PREPROCESSOR_DEFINITIONS = (
					"DEBUG=1",
					"$(inherited)",
				);
				GCC_SYMBOLS_PRIVATE_EXTERN = NO;
				GCC_WARN_64_TO_32_BIT_CONVERSION = YES;
				GCC_WARN_ABOUT_RETURN_TYPE = YES_ERROR;
				GCC_WARN_UNDECLARED_SELECTOR = YES;
				GCC_WARN_UNINITIALIZED_AUTOS = YES_AGGRESSIVE;
				GCC_WARN_UNUSED_FUNCTION = YES;
				GCC_WARN_UNUSED_VARIABLE = YES;
				MACOSX_DEPLOYMENT_TARGET = 10.10;
				MTL_ENABLE_DEBUG_INFO = YES;
				ONLY_ACTIVE_ARCH = YES;
				SDKROOT = macosx;
			};
			name = Debug;
		};
		DF8B4E241B30D77200825935 /* Release */ = {
			isa = XCBuildConfiguration;
			buildSettings = {
				ALWAYS_SEARCH_USER_PATHS = NO;
				CLANG_CXX_LANGUAGE_STANDARD = "gnu++0x";
				CLANG_CXX_LIBRARY = "libc++";
				CLANG_ENABLE_MODULES = YES;
				CLANG_ENABLE_OBJC_ARC = YES;
				CLANG_WARN_BOOL_CONVERSION = YES;
				CLANG_WARN_CONSTANT_CONVERSION = YES;
				CLANG_WARN_DIRECT_OBJC_ISA_USAGE = YES_ERROR;
				CLANG_WARN_EMPTY_BODY = YES;
				CLANG_WARN_ENUM_CONVERSION = YES;
				CLANG_WARN_INT_CONVERSION = YES;
				CLANG_WARN_OBJC_ROOT_CLASS = YES_ERROR;
				CLANG_WARN_UNREACHABLE_CODE = YES;
				CLANG_WARN__DUPLICATE_METHOD_MATCH = YES;
				COPY_PHASE_STRIP = NO;
				DEBUG_INFORMATION_FORMAT = "dwarf-with-dsym";
				ENABLE_NS_ASSERTIONS = NO;
				ENABLE_STRICT_OBJC_MSGSEND = YES;
				GCC_C_LANGUAGE_STANDARD = gnu99;
				GCC_NO_COMMON_BLOCKS = YES;
				GCC_WARN_64_TO_32_BIT_CONVERSION = YES;
				GCC_WARN_ABOUT_RETURN_TYPE = YES_ERROR;
				GCC_WARN_UNDECLARED_SELECTOR = YES;
				GCC_WARN_UNINITIALIZED_AUTOS = YES_AGGRESSIVE;
				GCC_WARN_UNUSED_FUNCTION = YES;
				GCC_WARN_UNUSED_VARIABLE = YES;
				MACOSX_DEPLOYMENT_TARGET = 10.10;
				MTL_ENABLE_DEBUG_INFO = NO;
				SDKROOT = macosx;
			};
			name = Release;
		};
		DF8B4E261B30D77200825935 /* Debug */ = {
			isa = XCBuildConfiguration;
			buildSettings = {
				CLANG_WARN_ASSIGN_ENUM = YES;
				CLANG_WARN_CXX0X_EXTENSIONS = YES;
				CLANG_WARN_DOCUMENTATION_COMMENTS = YES;
				CLANG_WARN_IMPLICIT_SIGN_CONVERSION = YES;
				CLANG_WARN_SUSPICIOUS_IMPLICIT_CONVERSION = YES;
				CLANG_WARN__EXIT_TIME_DESTRUCTORS = YES;
				GCC_TREAT_IMPLICIT_FUNCTION_DECLARATIONS_AS_ERRORS = YES;
				GCC_TREAT_INCOMPATIBLE_POINTER_TYPE_WARNINGS_AS_ERRORS = NO;
				GCC_WARN_ABOUT_MISSING_FIELD_INITIALIZERS = YES;
				GCC_WARN_ABOUT_MISSING_NEWLINE = YES;
				GCC_WARN_ABOUT_MISSING_PROTOTYPES = YES;
				GCC_WARN_FOUR_CHARACTER_CONSTANTS = YES;
				GCC_WARN_HIDDEN_VIRTUAL_FUNCTIONS = YES;
				GCC_WARN_INITIALIZER_NOT_FULLY_BRACKETED = YES;
				GCC_WARN_NON_VIRTUAL_DESTRUCTOR = YES;
				GCC_WARN_SHADOW = YES;
				GCC_WARN_SIGN_COMPARE = YES;
				GCC_WARN_UNKNOWN_PRAGMAS = YES;
				GCC_WARN_UNUSED_LABEL = YES;
				GCC_WARN_UNUSED_PARAMETER = YES;
				PRODUCT_NAME = "$(TARGET_NAME)";
			};
			name = Debug;
		};
		DF8B4E271B30D77200825935 /* Release */ = {
			isa = XCBuildConfiguration;
			buildSettings = {
				CLANG_WARN_ASSIGN_ENUM = YES;
				CLANG_WARN_CXX0X_EXTENSIONS = YES;
				CLANG_WARN_DOCUMENTATION_COMMENTS = YES;
				CLANG_WARN_IMPLICIT_SIGN_CONVERSION = YES;
				CLANG_WARN_SUSPICIOUS_IMPLICIT_CONVERSION = YES;
				CLANG_WARN__EXIT_TIME_DESTRUCTORS = YES;
				GCC_TREAT_IMPLICIT_FUNCTION_DECLARATIONS_AS_ERRORS = YES;
				GCC_TREAT_INCOMPATIBLE_POINTER_TYPE_WARNINGS_AS_ERRORS = NO;
				GCC_WARN_ABOUT_MISSING_FIELD_INITIALIZERS = YES;
				GCC_WARN_ABOUT_MISSING_NEWLINE = YES;
				GCC_WARN_ABOUT_MISSING_PROTOTYPES = YES;
				GCC_WARN_FOUR_CHARACTER_CONSTANTS = YES;
				GCC_WARN_HIDDEN_VIRTUAL_FUNCTIONS = YES;
				GCC_WARN_INITIALIZER_NOT_FULLY_BRACKETED = YES;
				GCC_WARN_NON_VIRTUAL_DESTRUCTOR = YES;
				GCC_WARN_SHADOW = YES;
				GCC_WARN_SIGN_COMPARE = YES;
				GCC_WARN_UNKNOWN_PRAGMAS = YES;
				GCC_WARN_UNUSED_LABEL = YES;
				GCC_WARN_UNUSED_PARAMETER = YES;
				PRODUCT_NAME = "$(TARGET_NAME)";
			};
			name = Release;
		};
/* End XCBuildConfiguration section */

/* Begin XCConfigurationList section */
		DF8B4E191B30D77200825935 /* Build configuration list for PBXProject "Scuddle" */ = {
			isa = XCConfigurationList;
			buildConfigurations = (
				DF8B4E231B30D77200825935 /* Debug */,
				DF8B4E241B30D77200825935 /* Release */,
			);
			defaultConfigurationIsVisible = 0;
			defaultConfigurationName = Release;
		};
		DF8B4E251B30D77200825935 /* Build configuration list for PBXNativeTarget "Scuddle" */ = {
			isa = XCConfigurationList;
			buildConfigurations = (
				DF8B4E261B30D77200825935 /* Debug */,
				DF8B4E271B30D77200825935 /* Release */,
			);
			defaultConfigurationIsVisible = 0;
			defaultConfigurationName = Release;
		};
/* End XCConfigurationList section */
	};
	rootObject = DF8B4E161B30D77200825935 /* Project object */;
}
